
Microsoft Visual Studio Solution File, Format Version 12.00
# Visual Studio Version 17
VisualStudioVersion = 17.10.34916.146
MinimumVisualStudioVersion = 10.0.40219.1
Project("{9A19103F-16F7-4668-BE54-9A1E7A4F7556}") = "DvdRental.Api", "DvdRental.Api\DvdRental.Api.csproj", "{0F96AF8E-ED90-4E1B-AB84-F31D197BEA77}"
EndProject
Project("{9A19103F-16F7-4668-BE54-9A1E7A4F7556}") = "DvdRental.Library", "DvdRental.Library\DvdRental.Library.csproj", "{DCD327B1-59CB-4760-8EAB-D2564D3B6494}"
EndProject
Project("{FAE04EC0-301F-11D3-BF4B-00C04F79EFBC}") = "DvdRental.Tests", "DvdRental.Tests\DvdRental.Tests.csproj", "{0C2DE3DC-4600-48BE-9494-AEB673DAD0EE}"
EndProject
Global
	GlobalSection(SolutionConfigurationPlatforms) = preSolution
		Debug|Any CPU = Debug|Any CPU
		Release|Any CPU = Release|Any CPU
	EndGlobalSection
	GlobalSection(ProjectConfigurationPlatforms) = postSolution
		{0F96AF8E-ED90-4E1B-AB84-F31D197BEA77}.Debug|Any CPU.ActiveCfg = Debug|Any CPU
		{0F96AF8E-ED90-4E1B-AB84-F31D197BEA77}.Debug|Any CPU.Build.0 = Debug|Any CPU
		{0F96AF8E-ED90-4E1B-AB84-F31D197BEA77}.Release|Any CPU.ActiveCfg = Release|Any CPU
		{0F96AF8E-ED90-4E1B-AB84-F31D197BEA77}.Release|Any CPU.Build.0 = Release|Any CPU
		{DCD327B1-59CB-4760-8EAB-D2564D3B6494}.Debug|Any CPU.ActiveCfg = Debug|Any CPU
		{DCD327B1-59CB-4760-8EAB-D2564D3B6494}.Debug|Any CPU.Build.0 = Debug|Any CPU
		{DCD327B1-59CB-4760-8EAB-D2564D3B6494}.Release|Any CPU.ActiveCfg = Release|Any CPU
		{DCD327B1-59CB-4760-8EAB-D2564D3B6494}.Release|Any CPU.Build.0 = Release|Any CPU
		{0C2DE3DC-4600-48BE-9494-AEB673DAD0EE}.Debug|Any CPU.ActiveCfg = Debug|Any CPU
		{0C2DE3DC-4600-48BE-9494-AEB673DAD0EE}.Debug|Any CPU.Build.0 = Debug|Any CPU
		{0C2DE3DC-4600-48BE-9494-AEB673DAD0EE}.Release|Any CPU.ActiveCfg = Release|Any CPU
		{0C2DE3DC-4600-48BE-9494-AEB673DAD0EE}.Release|Any CPU.Build.0 = Release|Any CPU
	EndGlobalSection
	GlobalSection(SolutionProperties) = preSolution
		HideSolutionNode = FALSE
	EndGlobalSection
	GlobalSection(ExtensibilityGlobals) = postSolution
		SolutionGuid = {0E37950A-CBAB-490F-97EB-A42F6A1AB784}
	EndGlobalSection
EndGlobal
